
Microsoft Visual Studio Solution File, Format Version 12.00
# Visual Studio Version 17
VisualStudioVersion = 17.0.31903.59
MinimumVisualStudioVersion = 10.0.40219.1
Project("{2150E333-8FDC-42A3-9474-1A3956D46DE8}") = "src", "src", "{A775CC10-AD16-428A-AD14-07719EA9D10C}"
EndProject
Project("{2150E333-8FDC-42A3-9474-1A3956D46DE8}") = "BuildingBlocks", "BuildingBlocks", "{84DD4970-1822-43EC-9A81-341CC351DE2F}"
EndProject
Project("{FAE04EC0-301F-11D3-BF4B-00C04F79EFBC}") = "Abstractions", "src\BuildingBlocks\Abstractions\Abstractions.csproj", "{5722699B-F099-4EBF-984A-4D1561C879DC}"
EndProject
Project("{FAE04EC0-301F-11D3-BF4B-00C04F79EFBC}") = "FeatureManagement", "src\BuildingBlocks\FeatureManagement\FeatureManagement.csproj", "{C8579298-1098-4AE7-A59F-5B2A64C42B9E}"
EndProject
Project("{FAE04EC0-301F-11D3-BF4B-00C04F79EFBC}") = "Messaging", "src\BuildingBlocks\Messaging\Messaging.csproj", "{8EC66838-126F-4F36-9834-AD82F8BE66BA}"
EndProject
Project("{FAE04EC0-301F-11D3-BF4B-00C04F79EFBC}") = "Observability", "src\BuildingBlocks\Observability\Observability.csproj", "{501C66FB-E377-4674-86BC-BBC32CC9BC01}"
EndProject
Project("{FAE04EC0-301F-11D3-BF4B-00C04F79EFBC}") = "Persistence", "src\BuildingBlocks\Persistence\Persistence.csproj", "{8032268E-1A5C-4E2C-A03D-963C6406B6F0}"
EndProject
Project("{FAE04EC0-301F-11D3-BF4B-00C04F79EFBC}") = "Resilience", "src\BuildingBlocks\Resilience\Resilience.csproj", "{A9E3A8A2-B4B6-4D40-AA27-20FA2EA815C1}"
EndProject
Project("{FAE04EC0-301F-11D3-BF4B-00C04F79EFBC}") = "Security", "src\BuildingBlocks\Security\Security.csproj", "{B9C83506-680E-4BB4-96FE-5821E390C40A}"
EndProject
Project("{FAE04EC0-301F-11D3-BF4B-00C04F79EFBC}") = "SharedKernel", "src\BuildingBlocks\SharedKernel\SharedKernel.csproj", "{5B9F7959-097D-4F0B-ACA4-798AEBBE0BA4}"
EndProject
Project("{2150E333-8FDC-42A3-9474-1A3956D46DE8}") = "Modules", "Modules", "{05FA053F-C66C-487F-AF08-1EAD0BDFB365}"
EndProject
Project("{2150E333-8FDC-42A3-9474-1A3956D46DE8}") = "Compliance", "Compliance", "{6F7710E0-0F58-4D81-8C52-2CDB9ADF5060}"
EndProject
Project("{FAE04EC0-301F-11D3-BF4B-00C04F79EFBC}") = "Compliance.Api", "src\Modules\Compliance\Compliance.Api\Compliance.Api.csproj", "{120C3220-2FF2-4339-9185-CB2332746851}"
EndProject
Project("{FAE04EC0-301F-11D3-BF4B-00C04F79EFBC}") = "Compliance.Application", "src\Modules\Compliance\Compliance.Application\Compliance.Application.csproj", "{2A5A2D1D-3250-43F4-BDC0-583B9F12A0EC}"
EndProject
Project("{FAE04EC0-301F-11D3-BF4B-00C04F79EFBC}") = "Compliance.Contracts", "src\Modules\Compliance\Compliance.Contracts\Compliance.Contracts.csproj", "{B63BCA34-DBC8-4D63-B58C-2B7FB5C67B92}"
EndProject
Project("{FAE04EC0-301F-11D3-BF4B-00C04F79EFBC}") = "Compliance.Domain", "src\Modules\Compliance\Compliance.Domain\Compliance.Domain.csproj", "{2BB43FA4-27A1-4DDC-9B61-9740EE17908C}"
EndProject
Project("{FAE04EC0-301F-11D3-BF4B-00C04F79EFBC}") = "Compliance.Infrastructure", "src\Modules\Compliance\Compliance.Infrastructure\Compliance.Infrastructure.csproj", "{12A0DC67-BC30-4ED3-B1FA-6FCD7DF914D8}"
EndProject
Project("{2150E333-8FDC-42A3-9474-1A3956D46DE8}") = "Logistics", "Logistics", "{6DA03A2E-85BA-479F-A642-E870CE2245B7}"
EndProject
Project("{FAE04EC0-301F-11D3-BF4B-00C04F79EFBC}") = "Logistics.Api", "src\Modules\Logistics\Logistics.Api\Logistics.Api.csproj", "{EAADC0B2-E1BD-4EAE-9515-3A7D737B1846}"
EndProject
Project("{FAE04EC0-301F-11D3-BF4B-00C04F79EFBC}") = "Logistics.Application", "src\Modules\Logistics\Logistics.Application\Logistics.Application.csproj", "{7F0C2060-6116-4150-BDA6-B6DD7322FE14}"
EndProject
Project("{FAE04EC0-301F-11D3-BF4B-00C04F79EFBC}") = "Logistics.Contracts", "src\Modules\Logistics\Logistics.Contracts\Logistics.Contracts.csproj", "{1F4F7914-D90B-499B-9B5E-B4C8F8FFA4F7}"
EndProject
Project("{FAE04EC0-301F-11D3-BF4B-00C04F79EFBC}") = "Logistics.Domain", "src\Modules\Logistics\Logistics.Domain\Logistics.Domain.csproj", "{6B02F2BD-F4B9-492A-B7C9-B1856041A899}"
EndProject
Project("{FAE04EC0-301F-11D3-BF4B-00C04F79EFBC}") = "Logistics.Infrastructure", "src\Modules\Logistics\Logistics.Infrastructure\Logistics.Infrastructure.csproj", "{22CA0AB0-AEED-41D9-BDCF-77919AED8D98}"
EndProject
Project("{2150E333-8FDC-42A3-9474-1A3956D46DE8}") = "Procurement", "Procurement", "{737F8996-8F0E-4088-AF6A-13DB4120ACCA}"
EndProject
Project("{FAE04EC0-301F-11D3-BF4B-00C04F79EFBC}") = "Procurement.Api", "src\Modules\Procurement\Procurement.Api\Procurement.Api.csproj", "{2D07DB31-95BD-43C9-B7AF-2F205D4E3BCC}"
EndProject
Project("{FAE04EC0-301F-11D3-BF4B-00C04F79EFBC}") = "Procurement.Application", "src\Modules\Procurement\Procurement.Application\Procurement.Application.csproj", "{D86942AF-45CC-4438-9F8E-703A33FFB68A}"
EndProject
Project("{FAE04EC0-301F-11D3-BF4B-00C04F79EFBC}") = "Procurement.Contracts", "src\Modules\Procurement\Procurement.Contracts\Procurement.Contracts.csproj", "{2DDA389A-EBCE-4482-AEB0-AB250F4AEE04}"
EndProject
Project("{FAE04EC0-301F-11D3-BF4B-00C04F79EFBC}") = "Procurement.Domain", "src\Modules\Procurement\Procurement.Domain\Procurement.Domain.csproj", "{3AC31C9C-4634-4CC5-87EA-237618912EAD}"
EndProject
Project("{FAE04EC0-301F-11D3-BF4B-00C04F79EFBC}") = "Procurement.Infrastructure", "src\Modules\Procurement\Procurement.Infrastructure\Procurement.Infrastructure.csproj", "{BD82DE7C-42F1-434F-B0BC-0AF83CDB77DC}"
EndProject
Project("{2150E333-8FDC-42A3-9474-1A3956D46DE8}") = "Supplier", "Supplier", "{A04336CD-D4F4-4F39-A24B-6120E0BCBD31}"
EndProject
Project("{FAE04EC0-301F-11D3-BF4B-00C04F79EFBC}") = "Supplier.Api", "src\Modules\Supplier\Supplier.Api\Supplier.Api.csproj", "{F4307987-39DB-4CF0-8762-CC7B8BBE5631}"
EndProject
Project("{FAE04EC0-301F-11D3-BF4B-00C04F79EFBC}") = "Supplier.Application", "src\Modules\Supplier\Supplier.Application\Supplier.Application.csproj", "{2E553D40-7FF1-4BE6-BB26-E9BCC835D178}"
EndProject
Project("{FAE04EC0-301F-11D3-BF4B-00C04F79EFBC}") = "Supplier.Contracts", "src\Modules\Supplier\Supplier.Contracts\Supplier.Contracts.csproj", "{095A89A8-0F9C-4455-BA47-1D640F1FB279}"
EndProject
Project("{FAE04EC0-301F-11D3-BF4B-00C04F79EFBC}") = "Supplier.Domain", "src\Modules\Supplier\Supplier.Domain\Supplier.Domain.csproj", "{383C5DD1-0B3E-4A0C-A996-C7AE3D4EC322}"
EndProject
Project("{FAE04EC0-301F-11D3-BF4B-00C04F79EFBC}") = "Supplier.Infrastructure", "src\Modules\Supplier\Supplier.Infrastructure\Supplier.Infrastructure.csproj", "{0956FD45-309C-48E4-93AD-254F0ECA4869}"
EndProject
Project("{2150E333-8FDC-42A3-9474-1A3956D46DE8}") = "Sustainability", "Sustainability", "{835D94FE-7E46-4FC2-8E7E-D2E9376F198B}"
EndProject
Project("{FAE04EC0-301F-11D3-BF4B-00C04F79EFBC}") = "Sustainability.Api", "src\Modules\Sustainability\Sustainability.Api\Sustainability.Api.csproj", "{7B1992A1-A73C-4EF5-8FBE-399443545C8F}"
EndProject
Project("{FAE04EC0-301F-11D3-BF4B-00C04F79EFBC}") = "Sustainability.Application", "src\Modules\Sustainability\Sustainability.Application\Sustainability.Application.csproj", "{6931C5AE-0409-47C7-BED1-BD73C5BC16CB}"
EndProject
Project("{FAE04EC0-301F-11D3-BF4B-00C04F79EFBC}") = "Sustainability.Contracts", "src\Modules\Sustainability\Sustainability.Contracts\Sustainability.Contracts.csproj", "{3CC7C615-F48A-472B-BDDC-E622E4014763}"
EndProject
Project("{FAE04EC0-301F-11D3-BF4B-00C04F79EFBC}") = "Sustainability.Domain", "src\Modules\Sustainability\Sustainability.Domain\Sustainability.Domain.csproj", "{678660AD-5EB8-4D03-8C08-308C3E0EBE00}"
EndProject
Project("{FAE04EC0-301F-11D3-BF4B-00C04F79EFBC}") = "Sustainability.Infrastructure", "src\Modules\Sustainability\Sustainability.Infrastructure\Sustainability.Infrastructure.csproj", "{FF7FB49B-E184-422C-835D-5E15B6E9AFD0}"
EndProject
Project("{2150E333-8FDC-42A3-9474-1A3956D46DE8}") = "Platform", "Platform", "{F02483C2-906C-4F6F-9208-BF466B885032}"
EndProject
Project("{FAE04EC0-301F-11D3-BF4B-00C04F79EFBC}") = "Platform.Bff", "src\Platform\Platform.Bff\Platform.Bff.csproj", "{BA0F7451-62C9-41B7-8841-1F210BCF7396}"
EndProject
Global
	GlobalSection(SolutionConfigurationPlatforms) = preSolution
		Debug|Any CPU = Debug|Any CPU
		Release|Any CPU = Release|Any CPU
	EndGlobalSection
	GlobalSection(SolutionProperties) = preSolution
		HideSolutionNode = FALSE
	EndGlobalSection
	GlobalSection(ProjectConfigurationPlatforms) = postSolution
		{5722699B-F099-4EBF-984A-4D1561C879DC}.Debug|Any CPU.ActiveCfg = Debug|Any CPU
		{5722699B-F099-4EBF-984A-4D1561C879DC}.Debug|Any CPU.Build.0 = Debug|Any CPU
		{5722699B-F099-4EBF-984A-4D1561C879DC}.Release|Any CPU.ActiveCfg = Release|Any CPU
		{5722699B-F099-4EBF-984A-4D1561C879DC}.Release|Any CPU.Build.0 = Release|Any CPU
		{C8579298-1098-4AE7-A59F-5B2A64C42B9E}.Debug|Any CPU.ActiveCfg = Debug|Any CPU
		{C8579298-1098-4AE7-A59F-5B2A64C42B9E}.Debug|Any CPU.Build.0 = Debug|Any CPU
		{C8579298-1098-4AE7-A59F-5B2A64C42B9E}.Release|Any CPU.ActiveCfg = Release|Any CPU
		{C8579298-1098-4AE7-A59F-5B2A64C42B9E}.Release|Any CPU.Build.0 = Release|Any CPU
		{8EC66838-126F-4F36-9834-AD82F8BE66BA}.Debug|Any CPU.ActiveCfg = Debug|Any CPU
		{8EC66838-126F-4F36-9834-AD82F8BE66BA}.Debug|Any CPU.Build.0 = Debug|Any CPU
		{8EC66838-126F-4F36-9834-AD82F8BE66BA}.Release|Any CPU.ActiveCfg = Release|Any CPU
		{8EC66838-126F-4F36-9834-AD82F8BE66BA}.Release|Any CPU.Build.0 = Release|Any CPU
		{501C66FB-E377-4674-86BC-BBC32CC9BC01}.Debug|Any CPU.ActiveCfg = Debug|Any CPU
		{501C66FB-E377-4674-86BC-BBC32CC9BC01}.Debug|Any CPU.Build.0 = Debug|Any CPU
		{501C66FB-E377-4674-86BC-BBC32CC9BC01}.Release|Any CPU.ActiveCfg = Release|Any CPU
		{501C66FB-E377-4674-86BC-BBC32CC9BC01}.Release|Any CPU.Build.0 = Release|Any CPU
		{8032268E-1A5C-4E2C-A03D-963C6406B6F0}.Debug|Any CPU.ActiveCfg = Debug|Any CPU
		{8032268E-1A5C-4E2C-A03D-963C6406B6F0}.Debug|Any CPU.Build.0 = Debug|Any CPU
		{8032268E-1A5C-4E2C-A03D-963C6406B6F0}.Release|Any CPU.ActiveCfg = Release|Any CPU
		{8032268E-1A5C-4E2C-A03D-963C6406B6F0}.Release|Any CPU.Build.0 = Release|Any CPU
		{A9E3A8A2-B4B6-4D40-AA27-20FA2EA815C1}.Debug|Any CPU.ActiveCfg = Debug|Any CPU
		{A9E3A8A2-B4B6-4D40-AA27-20FA2EA815C1}.Debug|Any CPU.Build.0 = Debug|Any CPU
		{A9E3A8A2-B4B6-4D40-AA27-20FA2EA815C1}.Release|Any CPU.ActiveCfg = Release|Any CPU
		{A9E3A8A2-B4B6-4D40-AA27-20FA2EA815C1}.Release|Any CPU.Build.0 = Release|Any CPU
		{B9C83506-680E-4BB4-96FE-5821E390C40A}.Debug|Any CPU.ActiveCfg = Debug|Any CPU
		{B9C83506-680E-4BB4-96FE-5821E390C40A}.Debug|Any CPU.Build.0 = Debug|Any CPU
		{B9C83506-680E-4BB4-96FE-5821E390C40A}.Release|Any CPU.ActiveCfg = Release|Any CPU
		{B9C83506-680E-4BB4-96FE-5821E390C40A}.Release|Any CPU.Build.0 = Release|Any CPU
		{5B9F7959-097D-4F0B-ACA4-798AEBBE0BA4}.Debug|Any CPU.ActiveCfg = Debug|Any CPU
		{5B9F7959-097D-4F0B-ACA4-798AEBBE0BA4}.Debug|Any CPU.Build.0 = Debug|Any CPU
		{5B9F7959-097D-4F0B-ACA4-798AEBBE0BA4}.Release|Any CPU.ActiveCfg = Release|Any CPU
		{5B9F7959-097D-4F0B-ACA4-798AEBBE0BA4}.Release|Any CPU.Build.0 = Release|Any CPU
		{120C3220-2FF2-4339-9185-CB2332746851}.Debug|Any CPU.ActiveCfg = Debug|Any CPU
		{120C3220-2FF2-4339-9185-CB2332746851}.Debug|Any CPU.Build.0 = Debug|Any CPU
		{120C3220-2FF2-4339-9185-CB2332746851}.Release|Any CPU.ActiveCfg = Release|Any CPU
		{120C3220-2FF2-4339-9185-CB2332746851}.Release|Any CPU.Build.0 = Release|Any CPU
		{2A5A2D1D-3250-43F4-BDC0-583B9F12A0EC}.Debug|Any CPU.ActiveCfg = Debug|Any CPU
		{2A5A2D1D-3250-43F4-BDC0-583B9F12A0EC}.Debug|Any CPU.Build.0 = Debug|Any CPU
		{2A5A2D1D-3250-43F4-BDC0-583B9F12A0EC}.Release|Any CPU.ActiveCfg = Release|Any CPU
		{2A5A2D1D-3250-43F4-BDC0-583B9F12A0EC}.Release|Any CPU.Build.0 = Release|Any CPU
		{B63BCA34-DBC8-4D63-B58C-2B7FB5C67B92}.Debug|Any CPU.ActiveCfg = Debug|Any CPU
		{B63BCA34-DBC8-4D63-B58C-2B7FB5C67B92}.Debug|Any CPU.Build.0 = Debug|Any CPU
		{B63BCA34-DBC8-4D63-B58C-2B7FB5C67B92}.Release|Any CPU.ActiveCfg = Release|Any CPU
		{B63BCA34-DBC8-4D63-B58C-2B7FB5C67B92}.Release|Any CPU.Build.0 = Release|Any CPU
		{2BB43FA4-27A1-4DDC-9B61-9740EE17908C}.Debug|Any CPU.ActiveCfg = Debug|Any CPU
		{2BB43FA4-27A1-4DDC-9B61-9740EE17908C}.Debug|Any CPU.Build.0 = Debug|Any CPU
		{2BB43FA4-27A1-4DDC-9B61-9740EE17908C}.Release|Any CPU.ActiveCfg = Release|Any CPU
		{2BB43FA4-27A1-4DDC-9B61-9740EE17908C}.Release|Any CPU.Build.0 = Release|Any CPU
		{12A0DC67-BC30-4ED3-B1FA-6FCD7DF914D8}.Debug|Any CPU.ActiveCfg = Debug|Any CPU
		{12A0DC67-BC30-4ED3-B1FA-6FCD7DF914D8}.Debug|Any CPU.Build.0 = Debug|Any CPU
		{12A0DC67-BC30-4ED3-B1FA-6FCD7DF914D8}.Release|Any CPU.ActiveCfg = Release|Any CPU
		{12A0DC67-BC30-4ED3-B1FA-6FCD7DF914D8}.Release|Any CPU.Build.0 = Release|Any CPU
		{EAADC0B2-E1BD-4EAE-9515-3A7D737B1846}.Debug|Any CPU.ActiveCfg = Debug|Any CPU
		{EAADC0B2-E1BD-4EAE-9515-3A7D737B1846}.Debug|Any CPU.Build.0 = Debug|Any CPU
		{EAADC0B2-E1BD-4EAE-9515-3A7D737B1846}.Release|Any CPU.ActiveCfg = Release|Any CPU
		{EAADC0B2-E1BD-4EAE-9515-3A7D737B1846}.Release|Any CPU.Build.0 = Release|Any CPU
		{7F0C2060-6116-4150-BDA6-B6DD7322FE14}.Debug|Any CPU.ActiveCfg = Debug|Any CPU
		{7F0C2060-6116-4150-BDA6-B6DD7322FE14}.Debug|Any CPU.Build.0 = Debug|Any CPU
		{7F0C2060-6116-4150-BDA6-B6DD7322FE14}.Release|Any CPU.ActiveCfg = Release|Any CPU
		{7F0C2060-6116-4150-BDA6-B6DD7322FE14}.Release|Any CPU.Build.0 = Release|Any CPU
		{1F4F7914-D90B-499B-9B5E-B4C8F8FFA4F7}.Debug|Any CPU.ActiveCfg = Debug|Any CPU
		{1F4F7914-D90B-499B-9B5E-B4C8F8FFA4F7}.Debug|Any CPU.Build.0 = Debug|Any CPU
		{1F4F7914-D90B-499B-9B5E-B4C8F8FFA4F7}.Release|Any CPU.ActiveCfg = Release|Any CPU
		{1F4F7914-D90B-499B-9B5E-B4C8F8FFA4F7}.Release|Any CPU.Build.0 = Release|Any CPU
		{6B02F2BD-F4B9-492A-B7C9-B1856041A899}.Debug|Any CPU.ActiveCfg = Debug|Any CPU
		{6B02F2BD-F4B9-492A-B7C9-B1856041A899}.Debug|Any CPU.Build.0 = Debug|Any CPU
		{6B02F2BD-F4B9-492A-B7C9-B1856041A899}.Release|Any CPU.ActiveCfg = Release|Any CPU
		{6B02F2BD-F4B9-492A-B7C9-B1856041A899}.Release|Any CPU.Build.0 = Release|Any CPU
		{22CA0AB0-AEED-41D9-BDCF-77919AED8D98}.Debug|Any CPU.ActiveCfg = Debug|Any CPU
		{22CA0AB0-AEED-41D9-BDCF-77919AED8D98}.Debug|Any CPU.Build.0 = Debug|Any CPU
		{22CA0AB0-AEED-41D9-BDCF-77919AED8D98}.Release|Any CPU.ActiveCfg = Release|Any CPU
		{22CA0AB0-AEED-41D9-BDCF-77919AED8D98}.Release|Any CPU.Build.0 = Release|Any CPU
		{2D07DB31-95BD-43C9-B7AF-2F205D4E3BCC}.Debug|Any CPU.ActiveCfg = Debug|Any CPU
		{2D07DB31-95BD-43C9-B7AF-2F205D4E3BCC}.Debug|Any CPU.Build.0 = Debug|Any CPU
		{2D07DB31-95BD-43C9-B7AF-2F205D4E3BCC}.Release|Any CPU.ActiveCfg = Release|Any CPU
		{2D07DB31-95BD-43C9-B7AF-2F205D4E3BCC}.Release|Any CPU.Build.0 = Release|Any CPU
		{D86942AF-45CC-4438-9F8E-703A33FFB68A}.Debug|Any CPU.ActiveCfg = Debug|Any CPU
		{D86942AF-45CC-4438-9F8E-703A33FFB68A}.Debug|Any CPU.Build.0 = Debug|Any CPU
		{D86942AF-45CC-4438-9F8E-703A33FFB68A}.Release|Any CPU.ActiveCfg = Release|Any CPU
		{D86942AF-45CC-4438-9F8E-703A33FFB68A}.Release|Any CPU.Build.0 = Release|Any CPU
		{2DDA389A-EBCE-4482-AEB0-AB250F4AEE04}.Debug|Any CPU.ActiveCfg = Debug|Any CPU
		{2DDA389A-EBCE-4482-AEB0-AB250F4AEE04}.Debug|Any CPU.Build.0 = Debug|Any CPU
		{2DDA389A-EBCE-4482-AEB0-AB250F4AEE04}.Release|Any CPU.ActiveCfg = Release|Any CPU
		{2DDA389A-EBCE-4482-AEB0-AB250F4AEE04}.Release|Any CPU.Build.0 = Release|Any CPU
		{3AC31C9C-4634-4CC5-87EA-237618912EAD}.Debug|Any CPU.ActiveCfg = Debug|Any CPU
		{3AC31C9C-4634-4CC5-87EA-237618912EAD}.Debug|Any CPU.Build.0 = Debug|Any CPU
		{3AC31C9C-4634-4CC5-87EA-237618912EAD}.Release|Any CPU.ActiveCfg = Release|Any CPU
		{3AC31C9C-4634-4CC5-87EA-237618912EAD}.Release|Any CPU.Build.0 = Release|Any CPU
		{BD82DE7C-42F1-434F-B0BC-0AF83CDB77DC}.Debug|Any CPU.ActiveCfg = Debug|Any CPU
		{BD82DE7C-42F1-434F-B0BC-0AF83CDB77DC}.Debug|Any CPU.Build.0 = Debug|Any CPU
		{BD82DE7C-42F1-434F-B0BC-0AF83CDB77DC}.Release|Any CPU.ActiveCfg = Release|Any CPU
		{BD82DE7C-42F1-434F-B0BC-0AF83CDB77DC}.Release|Any CPU.Build.0 = Release|Any CPU
		{F4307987-39DB-4CF0-8762-CC7B8BBE5631}.Debug|Any CPU.ActiveCfg = Debug|Any CPU
		{F4307987-39DB-4CF0-8762-CC7B8BBE5631}.Debug|Any CPU.Build.0 = Debug|Any CPU
		{F4307987-39DB-4CF0-8762-CC7B8BBE5631}.Release|Any CPU.ActiveCfg = Release|Any CPU
		{F4307987-39DB-4CF0-8762-CC7B8BBE5631}.Release|Any CPU.Build.0 = Release|Any CPU
		{2E553D40-7FF1-4BE6-BB26-E9BCC835D178}.Debug|Any CPU.ActiveCfg = Debug|Any CPU
		{2E553D40-7FF1-4BE6-BB26-E9BCC835D178}.Debug|Any CPU.Build.0 = Debug|Any CPU
		{2E553D40-7FF1-4BE6-BB26-E9BCC835D178}.Release|Any CPU.ActiveCfg = Release|Any CPU
		{2E553D40-7FF1-4BE6-BB26-E9BCC835D178}.Release|Any CPU.Build.0 = Release|Any CPU
		{095A89A8-0F9C-4455-BA47-1D640F1FB279}.Debug|Any CPU.ActiveCfg = Debug|Any CPU
		{095A89A8-0F9C-4455-BA47-1D640F1FB279}.Debug|Any CPU.Build.0 = Debug|Any CPU
		{095A89A8-0F9C-4455-BA47-1D640F1FB279}.Release|Any CPU.ActiveCfg = Release|Any CPU
		{095A89A8-0F9C-4455-BA47-1D640F1FB279}.Release|Any CPU.Build.0 = Release|Any CPU
		{383C5DD1-0B3E-4A0C-A996-C7AE3D4EC322}.Debug|Any CPU.ActiveCfg = Debug|Any CPU
		{383C5DD1-0B3E-4A0C-A996-C7AE3D4EC322}.Debug|Any CPU.Build.0 = Debug|Any CPU
		{383C5DD1-0B3E-4A0C-A996-C7AE3D4EC322}.Release|Any CPU.ActiveCfg = Release|Any CPU
		{383C5DD1-0B3E-4A0C-A996-C7AE3D4EC322}.Release|Any CPU.Build.0 = Release|Any CPU
		{0956FD45-309C-48E4-93AD-254F0ECA4869}.Debug|Any CPU.ActiveCfg = Debug|Any CPU
		{0956FD45-309C-48E4-93AD-254F0ECA4869}.Debug|Any CPU.Build.0 = Debug|Any CPU
		{0956FD45-309C-48E4-93AD-254F0ECA4869}.Release|Any CPU.ActiveCfg = Release|Any CPU
		{0956FD45-309C-48E4-93AD-254F0ECA4869}.Release|Any CPU.Build.0 = Release|Any CPU
		{7B1992A1-A73C-4EF5-8FBE-399443545C8F}.Debug|Any CPU.ActiveCfg = Debug|Any CPU
		{7B1992A1-A73C-4EF5-8FBE-399443545C8F}.Debug|Any CPU.Build.0 = Debug|Any CPU
		{7B1992A1-A73C-4EF5-8FBE-399443545C8F}.Release|Any CPU.ActiveCfg = Release|Any CPU
		{7B1992A1-A73C-4EF5-8FBE-399443545C8F}.Release|Any CPU.Build.0 = Release|Any CPU
		{6931C5AE-0409-47C7-BED1-BD73C5BC16CB}.Debug|Any CPU.ActiveCfg = Debug|Any CPU
		{6931C5AE-0409-47C7-BED1-BD73C5BC16CB}.Debug|Any CPU.Build.0 = Debug|Any CPU
		{6931C5AE-0409-47C7-BED1-BD73C5BC16CB}.Release|Any CPU.ActiveCfg = Release|Any CPU
		{6931C5AE-0409-47C7-BED1-BD73C5BC16CB}.Release|Any CPU.Build.0 = Release|Any CPU
		{3CC7C615-F48A-472B-BDDC-E622E4014763}.Debug|Any CPU.ActiveCfg = Debug|Any CPU
		{3CC7C615-F48A-472B-BDDC-E622E4014763}.Debug|Any CPU.Build.0 = Debug|Any CPU
		{3CC7C615-F48A-472B-BDDC-E622E4014763}.Release|Any CPU.ActiveCfg = Release|Any CPU
		{3CC7C615-F48A-472B-BDDC-E622E4014763}.Release|Any CPU.Build.0 = Release|Any CPU
		{678660AD-5EB8-4D03-8C08-308C3E0EBE00}.Debug|Any CPU.ActiveCfg = Debug|Any CPU
		{678660AD-5EB8-4D03-8C08-308C3E0EBE00}.Debug|Any CPU.Build.0 = Debug|Any CPU
		{678660AD-5EB8-4D03-8C08-308C3E0EBE00}.Release|Any CPU.ActiveCfg = Release|Any CPU
		{678660AD-5EB8-4D03-8C08-308C3E0EBE00}.Release|Any CPU.Build.0 = Release|Any CPU
		{FF7FB49B-E184-422C-835D-5E15B6E9AFD0}.Debug|Any CPU.ActiveCfg = Debug|Any CPU
		{FF7FB49B-E184-422C-835D-5E15B6E9AFD0}.Debug|Any CPU.Build.0 = Debug|Any CPU
		{FF7FB49B-E184-422C-835D-5E15B6E9AFD0}.Release|Any CPU.ActiveCfg = Release|Any CPU
		{FF7FB49B-E184-422C-835D-5E15B6E9AFD0}.Release|Any CPU.Build.0 = Release|Any CPU
		{BA0F7451-62C9-41B7-8841-1F210BCF7396}.Debug|Any CPU.ActiveCfg = Debug|Any CPU
		{BA0F7451-62C9-41B7-8841-1F210BCF7396}.Debug|Any CPU.Build.0 = Debug|Any CPU
		{BA0F7451-62C9-41B7-8841-1F210BCF7396}.Release|Any CPU.ActiveCfg = Release|Any CPU
		{BA0F7451-62C9-41B7-8841-1F210BCF7396}.Release|Any CPU.Build.0 = Release|Any CPU
	EndGlobalSection
	GlobalSection(NestedProjects) = preSolution
		{84DD4970-1822-43EC-9A81-341CC351DE2F} = {A775CC10-AD16-428A-AD14-07719EA9D10C}
		{5722699B-F099-4EBF-984A-4D1561C879DC} = {84DD4970-1822-43EC-9A81-341CC351DE2F}
		{C8579298-1098-4AE7-A59F-5B2A64C42B9E} = {84DD4970-1822-43EC-9A81-341CC351DE2F}
		{8EC66838-126F-4F36-9834-AD82F8BE66BA} = {84DD4970-1822-43EC-9A81-341CC351DE2F}
		{501C66FB-E377-4674-86BC-BBC32CC9BC01} = {84DD4970-1822-43EC-9A81-341CC351DE2F}
		{8032268E-1A5C-4E2C-A03D-963C6406B6F0} = {84DD4970-1822-43EC-9A81-341CC351DE2F}
		{A9E3A8A2-B4B6-4D40-AA27-20FA2EA815C1} = {84DD4970-1822-43EC-9A81-341CC351DE2F}
		{B9C83506-680E-4BB4-96FE-5821E390C40A} = {84DD4970-1822-43EC-9A81-341CC351DE2F}
		{5B9F7959-097D-4F0B-ACA4-798AEBBE0BA4} = {84DD4970-1822-43EC-9A81-341CC351DE2F}
		{05FA053F-C66C-487F-AF08-1EAD0BDFB365} = {A775CC10-AD16-428A-AD14-07719EA9D10C}
		{6F7710E0-0F58-4D81-8C52-2CDB9ADF5060} = {05FA053F-C66C-487F-AF08-1EAD0BDFB365}
		{120C3220-2FF2-4339-9185-CB2332746851} = {6F7710E0-0F58-4D81-8C52-2CDB9ADF5060}
		{2A5A2D1D-3250-43F4-BDC0-583B9F12A0EC} = {6F7710E0-0F58-4D81-8C52-2CDB9ADF5060}
		{B63BCA34-DBC8-4D63-B58C-2B7FB5C67B92} = {6F7710E0-0F58-4D81-8C52-2CDB9ADF5060}
		{2BB43FA4-27A1-4DDC-9B61-9740EE17908C} = {6F7710E0-0F58-4D81-8C52-2CDB9ADF5060}
		{12A0DC67-BC30-4ED3-B1FA-6FCD7DF914D8} = {6F7710E0-0F58-4D81-8C52-2CDB9ADF5060}
		{6DA03A2E-85BA-479F-A642-E870CE2245B7} = {05FA053F-C66C-487F-AF08-1EAD0BDFB365}
		{EAADC0B2-E1BD-4EAE-9515-3A7D737B1846} = {6DA03A2E-85BA-479F-A642-E870CE2245B7}
		{7F0C2060-6116-4150-BDA6-B6DD7322FE14} = {6DA03A2E-85BA-479F-A642-E870CE2245B7}
		{1F4F7914-D90B-499B-9B5E-B4C8F8FFA4F7} = {6DA03A2E-85BA-479F-A642-E870CE2245B7}
		{6B02F2BD-F4B9-492A-B7C9-B1856041A899} = {6DA03A2E-85BA-479F-A642-E870CE2245B7}
		{22CA0AB0-AEED-41D9-BDCF-77919AED8D98} = {6DA03A2E-85BA-479F-A642-E870CE2245B7}
		{737F8996-8F0E-4088-AF6A-13DB4120ACCA} = {05FA053F-C66C-487F-AF08-1EAD0BDFB365}
		{2D07DB31-95BD-43C9-B7AF-2F205D4E3BCC} = {737F8996-8F0E-4088-AF6A-13DB4120ACCA}
		{D86942AF-45CC-4438-9F8E-703A33FFB68A} = {737F8996-8F0E-4088-AF6A-13DB4120ACCA}
		{2DDA389A-EBCE-4482-AEB0-AB250F4AEE04} = {737F8996-8F0E-4088-AF6A-13DB4120ACCA}
		{3AC31C9C-4634-4CC5-87EA-237618912EAD} = {737F8996-8F0E-4088-AF6A-13DB4120ACCA}
		{BD82DE7C-42F1-434F-B0BC-0AF83CDB77DC} = {737F8996-8F0E-4088-AF6A-13DB4120ACCA}
		{A04336CD-D4F4-4F39-A24B-6120E0BCBD31} = {05FA053F-C66C-487F-AF08-1EAD0BDFB365}
		{F4307987-39DB-4CF0-8762-CC7B8BBE5631} = {A04336CD-D4F4-4F39-A24B-6120E0BCBD31}
		{2E553D40-7FF1-4BE6-BB26-E9BCC835D178} = {A04336CD-D4F4-4F39-A24B-6120E0BCBD31}
		{095A89A8-0F9C-4455-BA47-1D640F1FB279} = {A04336CD-D4F4-4F39-A24B-6120E0BCBD31}
		{383C5DD1-0B3E-4A0C-A996-C7AE3D4EC322} = {A04336CD-D4F4-4F39-A24B-6120E0BCBD31}
		{0956FD45-309C-48E4-93AD-254F0ECA4869} = {A04336CD-D4F4-4F39-A24B-6120E0BCBD31}
		{835D94FE-7E46-4FC2-8E7E-D2E9376F198B} = {05FA053F-C66C-487F-AF08-1EAD0BDFB365}
		{7B1992A1-A73C-4EF5-8FBE-399443545C8F} = {835D94FE-7E46-4FC2-8E7E-D2E9376F198B}
		{6931C5AE-0409-47C7-BED1-BD73C5BC16CB} = {835D94FE-7E46-4FC2-8E7E-D2E9376F198B}
		{3CC7C615-F48A-472B-BDDC-E622E4014763} = {835D94FE-7E46-4FC2-8E7E-D2E9376F198B}
		{678660AD-5EB8-4D03-8C08-308C3E0EBE00} = {835D94FE-7E46-4FC2-8E7E-D2E9376F198B}
		{FF7FB49B-E184-422C-835D-5E15B6E9AFD0} = {835D94FE-7E46-4FC2-8E7E-D2E9376F198B}
		{F02483C2-906C-4F6F-9208-BF466B885032} = {A775CC10-AD16-428A-AD14-07719EA9D10C}
		{BA0F7451-62C9-41B7-8841-1F210BCF7396} = {F02483C2-906C-4F6F-9208-BF466B885032}
	EndGlobalSection
EndGlobal
